{
  "pins" : [
    {
      "identity" : "codescanner",
      "kind" : "remoteSourceControl",
      "location" : "https://github.com/twostraws/CodeScanner",
      "state" : {
        "revision" : "d8f10d992ef32a4187b78a6df320facf75d631d8",
        "version" : "2.3.1"
      }
    },
    {
      "identity" : "liveview-client-swiftui",
      "kind" : "remoteSourceControl",
      "location" : "https://github.com/liveview-native/liveview-client-swiftui",
      "state" : {
        "branch" : "remove-platform-modifier-definitions",
        "revision" : "19d3b06b4952c6f654f8a0e40bc527251635bd6a"
      }
    },
    {
      "identity" : "liveview-native-core-swift",
      "kind" : "remoteSourceControl",
      "location" : "https://github.com/liveviewnative/liveview-native-core-swift.git",
      "state" : {
        "branch" : "main",
        "revision" : "ffea1b5ff768fd2eeea5d4bdfae606b18517f880"
      }
    },
    {
      "identity" : "swiftphoenixclient",
      "kind" : "remoteSourceControl",
      "location" : "https://github.com/davidstump/SwiftPhoenixClient.git",
      "state" : {
        "revision" : "613989bf2e562d8a851ea83741681c3439353b45",
        "version" : "5.0.0"
      }
    },
    {
      "identity" : "swiftsoup",
      "kind" : "remoteSourceControl",
      "location" : "https://github.com/scinfu/SwiftSoup.git",
      "state" : {
        "revision" : "f707b8680cddb96dc1855632340a572ef37bbb98",
        "version" : "2.5.3"
      }
    }
  ],
  "version" : 2
}
